
Microsoft Visual Studio Solution File, Format Version 12.00
# Visual Studio 15
VisualStudioVersion = 15.0.27130.2003
MinimumVisualStudioVersion = 10.0.40219.1
Project("{2150E333-8FDC-42A3-9474-1A3956D46DE8}") = "Tests", "Tests", "{32C927B0-5886-4CD4-8727-E9BC16385678}"
EndProject
Project("{9A19103F-16F7-4668-BE54-9A1E7A4F7556}") = "DataNodeTests", "Tests\DataNodeTests.Core\DataNodeTests.csproj", "{394652BC-CE22-4998-B89C-066D26E4D030}"
EndProject
Project("{9A19103F-16F7-4668-BE54-9A1E7A4F7556}") = "DFSClientTests", "Tests\DFSClientTests.Core\DFSClientTests.csproj", "{823D8103-CE21-42AC-8F32-995C2BA1DF27}"
EndProject
Project("{9A19103F-16F7-4668-BE54-9A1E7A4F7556}") = "NameNodeTests", "Tests\NameNodeTests.Core\NameNodeTests.csproj", "{4B09E80A-283C-41E1-822F-59652A6CF95F}"
EndProject
Project("{9A19103F-16F7-4668-BE54-9A1E7A4F7556}") = "DataNode", "DataNode\DataNode.csproj", "{FF5C4FD8-1177-4B1B-9503-8C3129A4EDD7}"
EndProject
Project("{9A19103F-16F7-4668-BE54-9A1E7A4F7556}") = "DFSClient", "DFSClient\DFSClient.csproj", "{B2CC09A5-BCB3-4301-9ACD-A64F2904CAF3}"
EndProject
Project("{9A19103F-16F7-4668-BE54-9A1E7A4F7556}") = "NameNode", "NameNode\NameNode.csproj", "{1BC7704D-E6D1-414C-80E3-701314624F40}"
EndProject
Project("{9A19103F-16F7-4668-BE54-9A1E7A4F7556}") = "Protocols", "Protocols\Protocols.csproj", "{63681414-B041-430E-BCBF-03E11FA7B2A4}"
EndProject
Project("{2150E333-8FDC-42A3-9474-1A3956D46DE8}") = "Solution Items", "Solution Items", "{D409280F-E653-4E21-B3EE-144EE72D0AFD}"
	ProjectSection(SolutionItems) = preProject
		appveyor.yml = appveyor.yml
	EndProjectSection
EndProject
Global
	GlobalSection(SolutionConfigurationPlatforms) = preSolution
		Debug|Any CPU = Debug|Any CPU
		Release|Any CPU = Release|Any CPU
	EndGlobalSection
	GlobalSection(ProjectConfigurationPlatforms) = postSolution
		{394652BC-CE22-4998-B89C-066D26E4D030}.Debug|Any CPU.ActiveCfg = Debug|Any CPU
		{394652BC-CE22-4998-B89C-066D26E4D030}.Debug|Any CPU.Build.0 = Debug|Any CPU
		{394652BC-CE22-4998-B89C-066D26E4D030}.Release|Any CPU.ActiveCfg = Release|Any CPU
		{394652BC-CE22-4998-B89C-066D26E4D030}.Release|Any CPU.Build.0 = Release|Any CPU
		{823D8103-CE21-42AC-8F32-995C2BA1DF27}.Debug|Any CPU.ActiveCfg = Debug|Any CPU
		{823D8103-CE21-42AC-8F32-995C2BA1DF27}.Debug|Any CPU.Build.0 = Debug|Any CPU
		{823D8103-CE21-42AC-8F32-995C2BA1DF27}.Release|Any CPU.ActiveCfg = Release|Any CPU
		{823D8103-CE21-42AC-8F32-995C2BA1DF27}.Release|Any CPU.Build.0 = Release|Any CPU
		{4B09E80A-283C-41E1-822F-59652A6CF95F}.Debug|Any CPU.ActiveCfg = Debug|Any CPU
		{4B09E80A-283C-41E1-822F-59652A6CF95F}.Debug|Any CPU.Build.0 = Debug|Any CPU
		{4B09E80A-283C-41E1-822F-59652A6CF95F}.Release|Any CPU.ActiveCfg = Release|Any CPU
		{4B09E80A-283C-41E1-822F-59652A6CF95F}.Release|Any CPU.Build.0 = Release|Any CPU
		{FF5C4FD8-1177-4B1B-9503-8C3129A4EDD7}.Debug|Any CPU.ActiveCfg = Debug|Any CPU
		{FF5C4FD8-1177-4B1B-9503-8C3129A4EDD7}.Debug|Any CPU.Build.0 = Debug|Any CPU
		{FF5C4FD8-1177-4B1B-9503-8C3129A4EDD7}.Release|Any CPU.ActiveCfg = Release|Any CPU
		{FF5C4FD8-1177-4B1B-9503-8C3129A4EDD7}.Release|Any CPU.Build.0 = Release|Any CPU
		{B2CC09A5-BCB3-4301-9ACD-A64F2904CAF3}.Debug|Any CPU.ActiveCfg = Debug|Any CPU
		{B2CC09A5-BCB3-4301-9ACD-A64F2904CAF3}.Debug|Any CPU.Build.0 = Debug|Any CPU
		{B2CC09A5-BCB3-4301-9ACD-A64F2904CAF3}.Release|Any CPU.ActiveCfg = Release|Any CPU
		{B2CC09A5-BCB3-4301-9ACD-A64F2904CAF3}.Release|Any CPU.Build.0 = Release|Any CPU
		{1BC7704D-E6D1-414C-80E3-701314624F40}.Debug|Any CPU.ActiveCfg = Debug|Any CPU
		{1BC7704D-E6D1-414C-80E3-701314624F40}.Debug|Any CPU.Build.0 = Debug|Any CPU
		{1BC7704D-E6D1-414C-80E3-701314624F40}.Release|Any CPU.ActiveCfg = Release|Any CPU
		{1BC7704D-E6D1-414C-80E3-701314624F40}.Release|Any CPU.Build.0 = Release|Any CPU
		{63681414-B041-430E-BCBF-03E11FA7B2A4}.Debug|Any CPU.ActiveCfg = Debug|Any CPU
		{63681414-B041-430E-BCBF-03E11FA7B2A4}.Debug|Any CPU.Build.0 = Debug|Any CPU
		{63681414-B041-430E-BCBF-03E11FA7B2A4}.Release|Any CPU.ActiveCfg = Release|Any CPU
		{63681414-B041-430E-BCBF-03E11FA7B2A4}.Release|Any CPU.Build.0 = Release|Any CPU
	EndGlobalSection
	GlobalSection(SolutionProperties) = preSolution
		HideSolutionNode = FALSE
	EndGlobalSection
	GlobalSection(NestedProjects) = preSolution
		{394652BC-CE22-4998-B89C-066D26E4D030} = {32C927B0-5886-4CD4-8727-E9BC16385678}
		{823D8103-CE21-42AC-8F32-995C2BA1DF27} = {32C927B0-5886-4CD4-8727-E9BC16385678}
		{4B09E80A-283C-41E1-822F-59652A6CF95F} = {32C927B0-5886-4CD4-8727-E9BC16385678}
	EndGlobalSection
	GlobalSection(ExtensibilityGlobals) = postSolution
		SolutionGuid = {5D5A3BDE-F792-4FB4-BF17-3C6BC5DB6F3A}
	EndGlobalSection
EndGlobal
